
Microsoft Visual Studio Solution File, Format Version 12.00
# Visual Studio Version 16
VisualStudioVersion = 16.0.30204.135
MinimumVisualStudioVersion = 10.0.40219.1
Project("{FAE04EC0-301F-11D3-BF4B-00C04F79EFBC}") = "Trinkanstalt.Android", "Trinkanstalt\Trinkanstalt.Android\Trinkanstalt.Android.csproj", "{14840BE9-37CE-4231-9F71-348E67685357}"
EndProject
Project("{FAE04EC0-301F-11D3-BF4B-00C04F79EFBC}") = "Trinkanstalt.iOS", "Trinkanstalt\Trinkanstalt.iOS\Trinkanstalt.iOS.csproj", "{E6D1A0DC-FC64-42F3-BC33-1DE2E205F28B}"
EndProject
Project("{FAE04EC0-301F-11D3-BF4B-00C04F79EFBC}") = "Trinkanstalt", "Trinkanstalt\Trinkanstalt\Trinkanstalt.csproj", "{DA1A15C0-A7AD-49EB-8615-7BC0B5B573F6}"
EndProject
Global
	GlobalSection(SolutionConfigurationPlatforms) = preSolution
		Debug|Any CPU = Debug|Any CPU
		Debug|iPhone = Debug|iPhone
		Debug|iPhoneSimulator = Debug|iPhoneSimulator
		Release|Any CPU = Release|Any CPU
		Release|iPhone = Release|iPhone
		Release|iPhoneSimulator = Release|iPhoneSimulator
	EndGlobalSection
	GlobalSection(ProjectConfigurationPlatforms) = postSolution
		{14840BE9-37CE-4231-9F71-348E67685357}.Debug|Any CPU.ActiveCfg = Debug|Any CPU
		{14840BE9-37CE-4231-9F71-348E67685357}.Debug|Any CPU.Build.0 = Debug|Any CPU
		{14840BE9-37CE-4231-9F71-348E67685357}.Debug|Any CPU.Deploy.0 = Debug|Any CPU
		{14840BE9-37CE-4231-9F71-348E67685357}.Debug|iPhone.ActiveCfg = Debug|Any CPU
		{14840BE9-37CE-4231-9F71-348E67685357}.Debug|iPhone.Build.0 = Debug|Any CPU
		{14840BE9-37CE-4231-9F71-348E67685357}.Debug|iPhone.Deploy.0 = Debug|Any CPU
		{14840BE9-37CE-4231-9F71-348E67685357}.Debug|iPhoneSimulator.ActiveCfg = Debug|Any CPU
		{14840BE9-37CE-4231-9F71-348E67685357}.Debug|iPhoneSimulator.Build.0 = Debug|Any CPU
		{14840BE9-37CE-4231-9F71-348E67685357}.Debug|iPhoneSimulator.Deploy.0 = Debug|Any CPU
		{14840BE9-37CE-4231-9F71-348E67685357}.Release|Any CPU.ActiveCfg = Release|Any CPU
		{14840BE9-37CE-4231-9F71-348E67685357}.Release|Any CPU.Build.0 = Release|Any CPU
		{14840BE9-37CE-4231-9F71-348E67685357}.Release|Any CPU.Deploy.0 = Release|Any CPU
		{14840BE9-37CE-4231-9F71-348E67685357}.Release|iPhone.ActiveCfg = Release|Any CPU
		{14840BE9-37CE-4231-9F71-348E67685357}.Release|iPhone.Build.0 = Release|Any CPU
		{14840BE9-37CE-4231-9F71-348E67685357}.Release|iPhone.Deploy.0 = Release|Any CPU
		{14840BE9-37CE-4231-9F71-348E67685357}.Release|iPhoneSimulator.ActiveCfg = Release|Any CPU
		{14840BE9-37CE-4231-9F71-348E67685357}.Release|iPhoneSimulator.Build.0 = Release|Any CPU
		{14840BE9-37CE-4231-9F71-348E67685357}.Release|iPhoneSimulator.Deploy.0 = Release|Any CPU
		{E6D1A0DC-FC64-42F3-BC33-1DE2E205F28B}.Debug|Any CPU.ActiveCfg = Debug|iPhone
		{E6D1A0DC-FC64-42F3-BC33-1DE2E205F28B}.Debug|Any CPU.Build.0 = Debug|iPhone
		{E6D1A0DC-FC64-42F3-BC33-1DE2E205F28B}.Debug|Any CPU.Deploy.0 = Debug|iPhone
		{E6D1A0DC-FC64-42F3-BC33-1DE2E205F28B}.Debug|iPhone.ActiveCfg = Debug|iPhone
		{E6D1A0DC-FC64-42F3-BC33-1DE2E205F28B}.Debug|iPhone.Build.0 = Debug|iPhone
		{E6D1A0DC-FC64-42F3-BC33-1DE2E205F28B}.Debug|iPhone.Deploy.0 = Debug|iPhone
		{E6D1A0DC-FC64-42F3-BC33-1DE2E205F28B}.Debug|iPhoneSimulator.ActiveCfg = Debug|iPhoneSimulator
		{E6D1A0DC-FC64-42F3-BC33-1DE2E205F28B}.Debug|iPhoneSimulator.Build.0 = Debug|iPhoneSimulator
		{E6D1A0DC-FC64-42F3-BC33-1DE2E205F28B}.Debug|iPhoneSimulator.Deploy.0 = Debug|iPhoneSimulator
		{E6D1A0DC-FC64-42F3-BC33-1DE2E205F28B}.Release|Any CPU.ActiveCfg = Release|iPhone
		{E6D1A0DC-FC64-42F3-BC33-1DE2E205F28B}.Release|Any CPU.Build.0 = Release|iPhone
		{E6D1A0DC-FC64-42F3-BC33-1DE2E205F28B}.Release|Any CPU.Deploy.0 = Release|iPhone
		{E6D1A0DC-FC64-42F3-BC33-1DE2E205F28B}.Release|iPhone.ActiveCfg = Release|iPhone
		{E6D1A0DC-FC64-42F3-BC33-1DE2E205F28B}.Release|iPhone.Build.0 = Release|iPhone
		{E6D1A0DC-FC64-42F3-BC33-1DE2E205F28B}.Release|iPhone.Deploy.0 = Release|iPhone
		{E6D1A0DC-FC64-42F3-BC33-1DE2E205F28B}.Release|iPhoneSimulator.ActiveCfg = Release|iPhoneSimulator
		{E6D1A0DC-FC64-42F3-BC33-1DE2E205F28B}.Release|iPhoneSimulator.Build.0 = Release|iPhoneSimulator
		{E6D1A0DC-FC64-42F3-BC33-1DE2E205F28B}.Release|iPhoneSimulator.Deploy.0 = Release|iPhoneSimulator
		{DA1A15C0-A7AD-49EB-8615-7BC0B5B573F6}.Debug|Any CPU.ActiveCfg = Debug|Any CPU
		{DA1A15C0-A7AD-49EB-8615-7BC0B5B573F6}.Debug|Any CPU.Build.0 = Debug|Any CPU
		{DA1A15C0-A7AD-49EB-8615-7BC0B5B573F6}.Debug|Any CPU.Deploy.0 = Debug|Any CPU
		{DA1A15C0-A7AD-49EB-8615-7BC0B5B573F6}.Debug|iPhone.ActiveCfg = Debug|Any CPU
		{DA1A15C0-A7AD-49EB-8615-7BC0B5B573F6}.Debug|iPhone.Build.0 = Debug|Any CPU
		{DA1A15C0-A7AD-49EB-8615-7BC0B5B573F6}.Debug|iPhone.Deploy.0 = Debug|Any CPU
		{DA1A15C0-A7AD-49EB-8615-7BC0B5B573F6}.Debug|iPhoneSimulator.ActiveCfg = Debug|Any CPU
		{DA1A15C0-A7AD-49EB-8615-7BC0B5B573F6}.Debug|iPhoneSimulator.Build.0 = Debug|Any CPU
		{DA1A15C0-A7AD-49EB-8615-7BC0B5B573F6}.Debug|iPhoneSimulator.Deploy.0 = Debug|Any CPU
		{DA1A15C0-A7AD-49EB-8615-7BC0B5B573F6}.Release|Any CPU.ActiveCfg = Release|Any CPU
		{DA1A15C0-A7AD-49EB-8615-7BC0B5B573F6}.Release|Any CPU.Build.0 = Release|Any CPU
		{DA1A15C0-A7AD-49EB-8615-7BC0B5B573F6}.Release|Any CPU.Deploy.0 = Release|Any CPU
		{DA1A15C0-A7AD-49EB-8615-7BC0B5B573F6}.Release|iPhone.ActiveCfg = Release|Any CPU
		{DA1A15C0-A7AD-49EB-8615-7BC0B5B573F6}.Release|iPhone.Build.0 = Release|Any CPU
		{DA1A15C0-A7AD-49EB-8615-7BC0B5B573F6}.Release|iPhone.Deploy.0 = Release|Any CPU
		{DA1A15C0-A7AD-49EB-8615-7BC0B5B573F6}.Release|iPhoneSimulator.ActiveCfg = Release|Any CPU
		{DA1A15C0-A7AD-49EB-8615-7BC0B5B573F6}.Release|iPhoneSimulator.Build.0 = Release|Any CPU
		{DA1A15C0-A7AD-49EB-8615-7BC0B5B573F6}.Release|iPhoneSimulator.Deploy.0 = Release|Any CPU
	EndGlobalSection
	GlobalSection(SolutionProperties) = preSolution
		HideSolutionNode = FALSE
	EndGlobalSection
	GlobalSection(ExtensibilityGlobals) = postSolution
		SolutionGuid = {22B54B4A-A0D9-4771-A810-3611A7BC992D}
	EndGlobalSection
EndGlobal
